{
  "version": "3",
  "remote": {
    "https://esm.sh/react@18.2.0": {
      "integrity": "sha512-Q6ATi/GJrEp7omQaCJUP2Tn1+feQ2A8W1Z4nBW5M1Fmdzzhd0mPGvETUdzqCElT/TL+VlozNMhC9t+UX6YPqdA==",
      "dependencies": ["react"]
    },
    "https://esm.sh/react-dom@18.2.0": {
      "integrity": "sha512-OkMW3YKtv9MeGQnYnRYmGGWbQIrSiGE5T5w4tUNHSgdLfIYLO0ajN3lfzPZfZBFe2WNBtCcgMtBqtTMI2cBtHNw==",
      "dependencies": ["react-dom", "react"]
    }
  },
  "binaryExtensions": [
    "woff",
    "woff2",
    "ttf",
    "eot",
    "otf",
    "jpg",
    "jpeg",
    "png",
    "gif",
    "ico",
    "svg"
  ]
} 